{
  "name": "blog",
  "version": "0.1.0",
  "lockfileVersion": 1,
  "requires": true,
  "dependencies": {
    "@rails/actioncable": {
      "version": "6.0.0",
      "resolved": "https://registry.npmjs.org/@rails/actioncable/-/actioncable-6.0.0.tgz",
      "integrity": "sha512-DieouotYHpI6k2EGTCnh1eMvD3W8p3zqjWXEYj4z0khJ+A0qQ5tHxihjTEkio54MVwqHt1DcpUm2woh2n/alCA=="
    },
    "@rails/ujs": {
      "version": "6.0.0",
      "resolved": "https://registry.npmjs.org/@rails/ujs/-/ujs-6.0.0.tgz",
      "integrity": "sha512-0oh/MnpZzluItU/vgaxZv+JtMXxOtA0HPK6ZiMoPd2sLH06q58QdCKPVlC36YMnP4451rcrvxO6xns3w97C1og=="
    },
    "turbolinks": {
      "version": "5.2.0",
      "resolved": "https://registry.npmjs.org/turbolinks/-/turbolinks-5.2.0.tgz",
      "integrity": "sha512-pMiez3tyBo6uRHFNNZoYMmrES/IaGgMhQQM+VFF36keryjb5ms0XkVpmKHkfW/4Vy96qiGW3K9bz0tF5sK9bBw=="
    },
    "yarn": {
      "version": "1.17.3",
      "resolved": "https://registry.npmjs.org/yarn/-/yarn-1.17.3.tgz",
      "integrity": "sha512-CgA8o7nRZaQvmeF/WBx2FC7f9W/0X59T2IaLYqgMo6637wfp5mMEsM3YXoJtKUspnpmDJKl/gGFhnqS+sON7hA=="
    }
  }
}
